
Microsoft Visual Studio Solution File, Format Version 12.00
# Visual Studio Version 17
VisualStudioVersion = 17.4.33103.184
MinimumVisualStudioVersion = 10.0.40219.1
Project("{9A19103F-16F7-4668-BE54-9A1E7A4F7556}") = "TeacherSupportApp", "TeacherSupportApp\TeacherSupportApp.csproj", "{A974537E-9EAB-4089-A119-DE1DA9DD9285}"
EndProject
Project("{2150E333-8FDC-42A3-9474-1A3956D46DE8}") = "Solution Items", "Solution Items", "{89C3D5F7-C710-47E9-A46C-1D33F0E5E350}"
	ProjectSection(SolutionItems) = preProject
		Autorzy.txt = Autorzy.txt
		skrypt.sql = skrypt.sql
	EndProjectSection
EndProject
Global
	GlobalSection(SolutionConfigurationPlatforms) = preSolution
		Debug|Any CPU = Debug|Any CPU
		Release|Any CPU = Release|Any CPU
	EndGlobalSection
	GlobalSection(ProjectConfigurationPlatforms) = postSolution
		{A974537E-9EAB-4089-A119-DE1DA9DD9285}.Debug|Any CPU.ActiveCfg = Debug|Any CPU
		{A974537E-9EAB-4089-A119-DE1DA9DD9285}.Debug|Any CPU.Build.0 = Debug|Any CPU
		{A974537E-9EAB-4089-A119-DE1DA9DD9285}.Release|Any CPU.ActiveCfg = Release|Any CPU
		{A974537E-9EAB-4089-A119-DE1DA9DD9285}.Release|Any CPU.Build.0 = Release|Any CPU
	EndGlobalSection
	GlobalSection(SolutionProperties) = preSolution
		HideSolutionNode = FALSE
	EndGlobalSection
	GlobalSection(ExtensibilityGlobals) = postSolution
		SolutionGuid = {7C19BD7D-0C36-4E9E-9E03-BBC002503258}
	EndGlobalSection
EndGlobal
